
Microsoft Visual Studio Solution File, Format Version 12.00
# Visual Studio Version 17
VisualStudioVersion = 17.9.34723.18
MinimumVisualStudioVersion = 10.0.40219.1
Project("{FAE04EC0-301F-11D3-BF4B-00C04F79EFBC}") = "SatisPaneli", "SatisPaneli\SatisPaneli.csproj", "{B8B299B8-48AE-4E0F-B59D-BEDDED66CE70}"
EndProject
Project("{FAE04EC0-301F-11D3-BF4B-00C04F79EFBC}") = "AdminPaneli", "AdminPaneli\AdminPaneli.csproj", "{2C914972-9849-410A-862F-79DCFFC35BD5}"
EndProject
Global
	GlobalSection(SolutionConfigurationPlatforms) = preSolution
		Debug|Any CPU = Debug|Any CPU
		Release|Any CPU = Release|Any CPU
	EndGlobalSection
	GlobalSection(ProjectConfigurationPlatforms) = postSolution
		{B8B299B8-48AE-4E0F-B59D-BEDDED66CE70}.Debug|Any CPU.ActiveCfg = Debug|Any CPU
		{B8B299B8-48AE-4E0F-B59D-BEDDED66CE70}.Debug|Any CPU.Build.0 = Debug|Any CPU
		{B8B299B8-48AE-4E0F-B59D-BEDDED66CE70}.Release|Any CPU.ActiveCfg = Release|Any CPU
		{B8B299B8-48AE-4E0F-B59D-BEDDED66CE70}.Release|Any CPU.Build.0 = Release|Any CPU
		{2C914972-9849-410A-862F-79DCFFC35BD5}.Debug|Any CPU.ActiveCfg = Debug|Any CPU
		{2C914972-9849-410A-862F-79DCFFC35BD5}.Debug|Any CPU.Build.0 = Debug|Any CPU
		{2C914972-9849-410A-862F-79DCFFC35BD5}.Release|Any CPU.ActiveCfg = Release|Any CPU
		{2C914972-9849-410A-862F-79DCFFC35BD5}.Release|Any CPU.Build.0 = Release|Any CPU
	EndGlobalSection
	GlobalSection(SolutionProperties) = preSolution
		HideSolutionNode = FALSE
	EndGlobalSection
	GlobalSection(ExtensibilityGlobals) = postSolution
		SolutionGuid = {EFC6BED3-B50B-4853-9A3A-12EB43AF3047}
	EndGlobalSection
EndGlobal
